
Microsoft Visual Studio Solution File, Format Version 12.00
# Visual Studio Version 17
VisualStudioVersion = 17.14.36908.2 d17.14
MinimumVisualStudioVersion = 10.0.40219.1
Project("{FAE04EC0-301F-11D3-BF4B-00C04F79EFBC}") = "Star Tracker", "Star Tracker.csproj", "{87283416-8905-4AE8-8168-4782E28FB8CC}"
EndProject
Global
	GlobalSection(SolutionConfigurationPlatforms) = preSolution
		Debug|Any CPU = Debug|Any CPU
		Release|Any CPU = Release|Any CPU
	EndGlobalSection
	GlobalSection(ProjectConfigurationPlatforms) = postSolution
		{87283416-8905-4AE8-8168-4782E28FB8CC}.Debug|Any CPU.ActiveCfg = Debug|Any CPU
		{87283416-8905-4AE8-8168-4782E28FB8CC}.Debug|Any CPU.Build.0 = Debug|Any CPU
		{87283416-8905-4AE8-8168-4782E28FB8CC}.Release|Any CPU.ActiveCfg = Release|Any CPU
		{87283416-8905-4AE8-8168-4782E28FB8CC}.Release|Any CPU.Build.0 = Release|Any CPU
	EndGlobalSection
	GlobalSection(SolutionProperties) = preSolution
		HideSolutionNode = FALSE
	EndGlobalSection
	GlobalSection(ExtensibilityGlobals) = postSolution
		SolutionGuid = {F13201AF-5033-4C55-996A-E0407D2D9350}
	EndGlobalSection
EndGlobal
